
Microsoft Visual Studio Solution File, Format Version 12.00
# Visual Studio Version 17
VisualStudioVersion = 17.6.33723.286
MinimumVisualStudioVersion = 10.0.40219.1
Project("{FAE04EC0-301F-11D3-BF4B-00C04F79EFBC}") = "C-Sharp-CRUD", "C-Sharp-CRUD\C-Sharp-CRUD.csproj", "{A258CCAE-7C95-4455-9565-C271822E59F5}"
EndProject
Global
	GlobalSection(SolutionConfigurationPlatforms) = preSolution
		Debug|Any CPU = Debug|Any CPU
		Release|Any CPU = Release|Any CPU
	EndGlobalSection
	GlobalSection(ProjectConfigurationPlatforms) = postSolution
		{A258CCAE-7C95-4455-9565-C271822E59F5}.Debug|Any CPU.ActiveCfg = Debug|Any CPU
		{A258CCAE-7C95-4455-9565-C271822E59F5}.Debug|Any CPU.Build.0 = Debug|Any CPU
		{A258CCAE-7C95-4455-9565-C271822E59F5}.Release|Any CPU.ActiveCfg = Release|Any CPU
		{A258CCAE-7C95-4455-9565-C271822E59F5}.Release|Any CPU.Build.0 = Release|Any CPU
	EndGlobalSection
	GlobalSection(SolutionProperties) = preSolution
		HideSolutionNode = FALSE
	EndGlobalSection
	GlobalSection(ExtensibilityGlobals) = postSolution
		SolutionGuid = {12A49253-1E4D-4A88-9149-101980963DAA}
	EndGlobalSection
EndGlobal
